
Microsoft Visual Studio Solution File, Format Version 12.00
# Visual Studio Version 17
VisualStudioVersion = 17.6.33829.357
MinimumVisualStudioVersion = 10.0.40219.1
Project("{FAE04EC0-301F-11D3-BF4B-00C04F79EFBC}") = "MULTI-THREADING", "MULTI-THREADING\MULTI-THREADING.csproj", "{17CB7BD8-40C4-498C-AD44-4BDF3A08B937}"
EndProject
Global
	GlobalSection(SolutionConfigurationPlatforms) = preSolution
		Debug|Any CPU = Debug|Any CPU
		Release|Any CPU = Release|Any CPU
	EndGlobalSection
	GlobalSection(ProjectConfigurationPlatforms) = postSolution
		{17CB7BD8-40C4-498C-AD44-4BDF3A08B937}.Debug|Any CPU.ActiveCfg = Debug|Any CPU
		{17CB7BD8-40C4-498C-AD44-4BDF3A08B937}.Debug|Any CPU.Build.0 = Debug|Any CPU
		{17CB7BD8-40C4-498C-AD44-4BDF3A08B937}.Release|Any CPU.ActiveCfg = Release|Any CPU
		{17CB7BD8-40C4-498C-AD44-4BDF3A08B937}.Release|Any CPU.Build.0 = Release|Any CPU
	EndGlobalSection
	GlobalSection(SolutionProperties) = preSolution
		HideSolutionNode = FALSE
	EndGlobalSection
	GlobalSection(ExtensibilityGlobals) = postSolution
		SolutionGuid = {5499A500-65B7-4944-AB49-F0734EA8F1D1}
	EndGlobalSection
EndGlobal
